
Microsoft Visual Studio Solution File, Format Version 12.00
# Visual Studio Version 17
VisualStudioVersion = 17.3.32901.215
MinimumVisualStudioVersion = 10.0.40219.1
Project("{FAE04EC0-301F-11D3-BF4B-00C04F79EFBC}") = "Calculator", "Calculator\Calculator.csproj", "{864D042D-3448-457C-8B7D-2272E2161D1C}"
EndProject
Global
	GlobalSection(SolutionConfigurationPlatforms) = preSolution
		Debug|Any CPU = Debug|Any CPU
		Release|Any CPU = Release|Any CPU
	EndGlobalSection
	GlobalSection(ProjectConfigurationPlatforms) = postSolution
		{864D042D-3448-457C-8B7D-2272E2161D1C}.Debug|Any CPU.ActiveCfg = Debug|Any CPU
		{864D042D-3448-457C-8B7D-2272E2161D1C}.Debug|Any CPU.Build.0 = Debug|Any CPU
		{864D042D-3448-457C-8B7D-2272E2161D1C}.Release|Any CPU.ActiveCfg = Release|Any CPU
		{864D042D-3448-457C-8B7D-2272E2161D1C}.Release|Any CPU.Build.0 = Release|Any CPU
	EndGlobalSection
	GlobalSection(SolutionProperties) = preSolution
		HideSolutionNode = FALSE
	EndGlobalSection
	GlobalSection(ExtensibilityGlobals) = postSolution
		SolutionGuid = {5F7B8FB5-A5ED-4EB3-BD78-AF4043C97F50}
	EndGlobalSection
EndGlobal
